
Microsoft Visual Studio Solution File, Format Version 12.00
# Visual Studio Version 17
VisualStudioVersion = 17.0.32112.339
MinimumVisualStudioVersion = 10.0.40219.1
Project("{8BC9CEB8-8B4A-11D0-8D11-00A0C91BC942}") = "text（指针题目）_4_25", "text（指针题目）_4_25\text（指针题目）_4_25.vcxproj", "{83EA8A84-2EF3-4279-8E86-F83C2EA52A17}"
EndProject
Global
	GlobalSection(SolutionConfigurationPlatforms) = preSolution
		Debug|x64 = Debug|x64
		Debug|x86 = Debug|x86
		Release|x64 = Release|x64
		Release|x86 = Release|x86
	EndGlobalSection
	GlobalSection(ProjectConfigurationPlatforms) = postSolution
		{83EA8A84-2EF3-4279-8E86-F83C2EA52A17}.Debug|x64.ActiveCfg = Debug|x64
		{83EA8A84-2EF3-4279-8E86-F83C2EA52A17}.Debug|x64.Build.0 = Debug|x64
		{83EA8A84-2EF3-4279-8E86-F83C2EA52A17}.Debug|x86.ActiveCfg = Debug|Win32
		{83EA8A84-2EF3-4279-8E86-F83C2EA52A17}.Debug|x86.Build.0 = Debug|Win32
		{83EA8A84-2EF3-4279-8E86-F83C2EA52A17}.Release|x64.ActiveCfg = Release|x64
		{83EA8A84-2EF3-4279-8E86-F83C2EA52A17}.Release|x64.Build.0 = Release|x64
		{83EA8A84-2EF3-4279-8E86-F83C2EA52A17}.Release|x86.ActiveCfg = Release|Win32
		{83EA8A84-2EF3-4279-8E86-F83C2EA52A17}.Release|x86.Build.0 = Release|Win32
	EndGlobalSection
	GlobalSection(SolutionProperties) = preSolution
		HideSolutionNode = FALSE
	EndGlobalSection
	GlobalSection(ExtensibilityGlobals) = postSolution
		SolutionGuid = {FF6B1592-BE60-4FB3-B32F-2C7503C2E2B4}
	EndGlobalSection
EndGlobal
