
Microsoft Visual Studio Solution File, Format Version 12.00
# Visual Studio Version 17
VisualStudioVersion = 17.0.32112.339
MinimumVisualStudioVersion = 10.0.40219.1
Project("{8BC9CEB8-8B4A-11D0-8D11-00A0C91BC942}") = "text（操作符）_4_4", "text（操作符）_4_4\text（操作符）_4_4.vcxproj", "{E458F101-23E8-4F57-B289-0198AC9EE27A}"
EndProject
Global
	GlobalSection(SolutionConfigurationPlatforms) = preSolution
		Debug|x64 = Debug|x64
		Debug|x86 = Debug|x86
		Release|x64 = Release|x64
		Release|x86 = Release|x86
	EndGlobalSection
	GlobalSection(ProjectConfigurationPlatforms) = postSolution
		{E458F101-23E8-4F57-B289-0198AC9EE27A}.Debug|x64.ActiveCfg = Debug|x64
		{E458F101-23E8-4F57-B289-0198AC9EE27A}.Debug|x64.Build.0 = Debug|x64
		{E458F101-23E8-4F57-B289-0198AC9EE27A}.Debug|x86.ActiveCfg = Debug|Win32
		{E458F101-23E8-4F57-B289-0198AC9EE27A}.Debug|x86.Build.0 = Debug|Win32
		{E458F101-23E8-4F57-B289-0198AC9EE27A}.Release|x64.ActiveCfg = Release|x64
		{E458F101-23E8-4F57-B289-0198AC9EE27A}.Release|x64.Build.0 = Release|x64
		{E458F101-23E8-4F57-B289-0198AC9EE27A}.Release|x86.ActiveCfg = Release|Win32
		{E458F101-23E8-4F57-B289-0198AC9EE27A}.Release|x86.Build.0 = Release|Win32
	EndGlobalSection
	GlobalSection(SolutionProperties) = preSolution
		HideSolutionNode = FALSE
	EndGlobalSection
	GlobalSection(ExtensibilityGlobals) = postSolution
		SolutionGuid = {47A35837-D8C5-4FAB-A096-A2BAD8C6ED85}
	EndGlobalSection
EndGlobal
