
Microsoft Visual Studio Solution File, Format Version 12.00
# Visual Studio Version 17
VisualStudioVersion = 17.0.32112.339
MinimumVisualStudioVersion = 10.0.40219.1
Project("{8BC9CEB8-8B4A-11D0-8D11-00A0C91BC942}") = "text_5_6（c语言预处理）", "text_5_6（c语言预处理）\text_5_6（c语言预处理）.vcxproj", "{7D514BE5-DC23-4E37-96E8-168179CA913E}"
EndProject
Global
	GlobalSection(SolutionConfigurationPlatforms) = preSolution
		Debug|x64 = Debug|x64
		Debug|x86 = Debug|x86
		Release|x64 = Release|x64
		Release|x86 = Release|x86
	EndGlobalSection
	GlobalSection(ProjectConfigurationPlatforms) = postSolution
		{7D514BE5-DC23-4E37-96E8-168179CA913E}.Debug|x64.ActiveCfg = Debug|x64
		{7D514BE5-DC23-4E37-96E8-168179CA913E}.Debug|x64.Build.0 = Debug|x64
		{7D514BE5-DC23-4E37-96E8-168179CA913E}.Debug|x86.ActiveCfg = Debug|Win32
		{7D514BE5-DC23-4E37-96E8-168179CA913E}.Debug|x86.Build.0 = Debug|Win32
		{7D514BE5-DC23-4E37-96E8-168179CA913E}.Release|x64.ActiveCfg = Release|x64
		{7D514BE5-DC23-4E37-96E8-168179CA913E}.Release|x64.Build.0 = Release|x64
		{7D514BE5-DC23-4E37-96E8-168179CA913E}.Release|x86.ActiveCfg = Release|Win32
		{7D514BE5-DC23-4E37-96E8-168179CA913E}.Release|x86.Build.0 = Release|Win32
	EndGlobalSection
	GlobalSection(SolutionProperties) = preSolution
		HideSolutionNode = FALSE
	EndGlobalSection
	GlobalSection(ExtensibilityGlobals) = postSolution
		SolutionGuid = {22C4F8FA-D825-4080-956F-4CDB64132C18}
	EndGlobalSection
EndGlobal
